
Microsoft Visual Studio Solution File, Format Version 12.00
# Visual Studio Version 17
VisualStudioVersion = 17.10.34707.107
MinimumVisualStudioVersion = 10.0.40219.1
Project("{9A19103F-16F7-4668-BE54-9A1E7A4F7556}") = "LunaEdgeTestApp", "LunaEdgeTestApp\LunaEdgeTestApp.csproj", "{36E94B3D-2FCE-4687-BED6-36CCC5D96FB5}"
EndProject
Project("{9A19103F-16F7-4668-BE54-9A1E7A4F7556}") = "UnitTests", "UnitTests\UnitTests.csproj", "{0729DD2C-3F8C-4BAB-879E-F991D212BBE6}"
EndProject
Project("{E53339B2-1760-4266-BCC7-CA923CBCF16C}") = "docker-compose", "docker-compose.dcproj", "{64D41689-5F69-4832-A628-50CD2BCB0290}"
EndProject
Global
	GlobalSection(SolutionConfigurationPlatforms) = preSolution
		Debug|Any CPU = Debug|Any CPU
		Release|Any CPU = Release|Any CPU
	EndGlobalSection
	GlobalSection(ProjectConfigurationPlatforms) = postSolution
		{36E94B3D-2FCE-4687-BED6-36CCC5D96FB5}.Debug|Any CPU.ActiveCfg = Debug|Any CPU
		{36E94B3D-2FCE-4687-BED6-36CCC5D96FB5}.Debug|Any CPU.Build.0 = Debug|Any CPU
		{36E94B3D-2FCE-4687-BED6-36CCC5D96FB5}.Release|Any CPU.ActiveCfg = Release|Any CPU
		{36E94B3D-2FCE-4687-BED6-36CCC5D96FB5}.Release|Any CPU.Build.0 = Release|Any CPU
		{0729DD2C-3F8C-4BAB-879E-F991D212BBE6}.Debug|Any CPU.ActiveCfg = Debug|Any CPU
		{0729DD2C-3F8C-4BAB-879E-F991D212BBE6}.Debug|Any CPU.Build.0 = Debug|Any CPU
		{0729DD2C-3F8C-4BAB-879E-F991D212BBE6}.Release|Any CPU.ActiveCfg = Release|Any CPU
		{0729DD2C-3F8C-4BAB-879E-F991D212BBE6}.Release|Any CPU.Build.0 = Release|Any CPU
		{64D41689-5F69-4832-A628-50CD2BCB0290}.Debug|Any CPU.ActiveCfg = Debug|Any CPU
		{64D41689-5F69-4832-A628-50CD2BCB0290}.Debug|Any CPU.Build.0 = Debug|Any CPU
		{64D41689-5F69-4832-A628-50CD2BCB0290}.Release|Any CPU.ActiveCfg = Release|Any CPU
		{64D41689-5F69-4832-A628-50CD2BCB0290}.Release|Any CPU.Build.0 = Release|Any CPU
	EndGlobalSection
	GlobalSection(SolutionProperties) = preSolution
		HideSolutionNode = FALSE
	EndGlobalSection
	GlobalSection(ExtensibilityGlobals) = postSolution
		SolutionGuid = {8EE4AA6F-B6A4-4B2D-9896-18AEF05BE907}
	EndGlobalSection
EndGlobal
